
Microsoft Visual Studio Solution File, Format Version 12.00
# Visual Studio Version 17
VisualStudioVersion = 17.7.34031.279
MinimumVisualStudioVersion = 10.0.40219.1
Project("{FAE04EC0-301F-11D3-BF4B-00C04F79EFBC}") = "bApppp", "bApppp\bApppp.csproj", "{3273779E-7747-49D9-AEDD-1D5B2CC2B970}"
EndProject
Global
	GlobalSection(SolutionConfigurationPlatforms) = preSolution
		Debug|Any CPU = Debug|Any CPU
		Release|Any CPU = Release|Any CPU
	EndGlobalSection
	GlobalSection(ProjectConfigurationPlatforms) = postSolution
		{3273779E-7747-49D9-AEDD-1D5B2CC2B970}.Debug|Any CPU.ActiveCfg = Debug|Any CPU
		{3273779E-7747-49D9-AEDD-1D5B2CC2B970}.Debug|Any CPU.Build.0 = Debug|Any CPU
		{3273779E-7747-49D9-AEDD-1D5B2CC2B970}.Debug|Any CPU.Deploy.0 = Debug|Any CPU
		{3273779E-7747-49D9-AEDD-1D5B2CC2B970}.Release|Any CPU.ActiveCfg = Release|Any CPU
		{3273779E-7747-49D9-AEDD-1D5B2CC2B970}.Release|Any CPU.Build.0 = Release|Any CPU
		{3273779E-7747-49D9-AEDD-1D5B2CC2B970}.Release|Any CPU.Deploy.0 = Release|Any CPU
	EndGlobalSection
	GlobalSection(SolutionProperties) = preSolution
		HideSolutionNode = FALSE
	EndGlobalSection
	GlobalSection(ExtensibilityGlobals) = postSolution
		SolutionGuid = {B553F416-BE12-434C-8821-EB8D0346AD10}
	EndGlobalSection
EndGlobal
